sdk: ^2.0.0-alpha.196
prefixes:
  bmx280: toit-bmp280
packages:
  github.com/toitware/toit-sensors-1:
    hash: f9f5662a0f21016259ff6907419e54d00223714a
    url: github.com/toitware/toit-sensors
    version: 1.0.0
  toit-bmp280:
    path: ..
    prefixes:
      sensors: github.com/toitware/toit-sensors-1
